{
  "version": 4,
  "terraform_version": "1.4.2",
  "serial": 15,
  "lineage": "b92693ae-6595-b2bf-07ed-d49366b47646",
  "outputs": {},
  "resources": [
    {
      "mode": "managed",
      "type": "aws_s3_bucket",
      "name": "name",
      "provider": "provider[\"registry.terraform.io/hashicorp/aws\"]",
      "instances": [
        {
          "schema_version": 0,
          "attributes": {
            "acceleration_status": "",
            "acl": null,
            "arn": "arn:aws:s3:::komal-s3bucket",
            "bucket": "komal-s3bucket",
            "bucket_domain_name": "komal-s3bucket.s3.amazonaws.com",
            "bucket_prefix": "",
            "bucket_regional_domain_name": "komal-s3bucket.s3.ap-south-1.amazonaws.com",
            "cors_rule": [],
            "force_destroy": false,
            "grant": [
              {
                "id": "313c4424e10ce44c5cdad78bd0926f3518a1b1d417e5c5bda771bd7322cdfff8",
                "permissions": [
                  "FULL_CONTROL"
                ],
                "type": "CanonicalUser",
                "uri": ""
              }
            ],
            "hosted_zone_id": "Z11RGJOFQNVJUP",
            "id": "komal-s3bucket",
            "lifecycle_rule": [],
            "logging": [],
            "object_lock_configuration": [],
            "object_lock_enabled": false,
            "policy": "",
            "region": "ap-south-1",
            "replication_configuration": [],
            "request_payer": "BucketOwner",
            "server_side_encryption_configuration": [
              {
                "rule": [
                  {
                    "apply_server_side_encryption_by_default": [
                      {
                        "kms_master_key_id": "",
                        "sse_algorithm": "AES256"
                      }
                    ],
                    "bucket_key_enabled": false
                  }
                ]
              }
            ],
            "tags": {
              "environment": "DEV",
              "terraform": "true"
            },
            "tags_all": {
              "environment": "DEV",
              "terraform": "true"
            },
            "timeouts": null,
            "versioning": [
              {
                "enabled": false,
                "mfa_delete": false
              }
            ],
            "website": [],
            "website_domain": null,
            "website_endpoint": null
          },
          "sensitive_attributes": [],
          "private": "eyJlMmJmYjczMC1lY2FhLTExZTYtOGY4OC0zNDM2M2JjN2M0YzAiOnsiY3JlYXRlIjoxMjAwMDAwMDAwMDAwLCJkZWxldGUiOjM2MDAwMDAwMDAwMDAsInJlYWQiOjEyMDAwMDAwMDAwMDAsInVwZGF0ZSI6MTIwMDAwMDAwMDAwMH19"
        }
      ]
    },
    {
      "mode": "managed",
      "type": "local_file",
      "name": "file-block1",
      "provider": "provider[\"registry.terraform.io/hashicorp/local\"]",
      "instances": [
        {
          "index_key": 0,
          "schema_version": 0,
          "attributes": {
            "content": "Random content",
            "content_base64": null,
            "content_base64sha256": "RXEFJ2QxEAo6ZYmU4Zqa7ewsBqTk0iydNjCOQeYVpTQ=",
            "content_base64sha512": "9sYKV3ur2s+yOwNI3MUFWg2RDggErPS/avAtfnCfus/4M13NhUTBosSBhKhzkJIDzbyoyH0S1QN5MJhSaZ0CPg==",
            "content_md5": "4dc11d68fe2801cc3611ebcb35a5d841",
            "content_sha1": "76906442cc38cd3edb82824bac053474a746e5ce",
            "content_sha256": "457105276431100a3a658994e19a9aedec2c06a4e4d22c9d36308e41e615a534",
            "content_sha512": "f6c60a577babdacfb23b0348dcc5055a0d910e0804acf4bf6af02d7e709fbacff8335dcd8544c1a2c48184a873909203cdbca8c87d12d50379309852699d023e",
            "directory_permission": "0777",
            "file_permission": "0777",
            "filename": "f1.txt",
            "id": "76906442cc38cd3edb82824bac053474a746e5ce",
            "sensitive_content": null,
            "source": null
          },
          "sensitive_attributes": []
        },
        {
          "index_key": 1,
          "schema_version": 0,
          "attributes": {
            "content": "Random content",
            "content_base64": null,
            "content_base64sha256": "RXEFJ2QxEAo6ZYmU4Zqa7ewsBqTk0iydNjCOQeYVpTQ=",
            "content_base64sha512": "9sYKV3ur2s+yOwNI3MUFWg2RDggErPS/avAtfnCfus/4M13NhUTBosSBhKhzkJIDzbyoyH0S1QN5MJhSaZ0CPg==",
            "content_md5": "4dc11d68fe2801cc3611ebcb35a5d841",
            "content_sha1": "76906442cc38cd3edb82824bac053474a746e5ce",
            "content_sha256": "457105276431100a3a658994e19a9aedec2c06a4e4d22c9d36308e41e615a534",
            "content_sha512": "f6c60a577babdacfb23b0348dcc5055a0d910e0804acf4bf6af02d7e709fbacff8335dcd8544c1a2c48184a873909203cdbca8c87d12d50379309852699d023e",
            "directory_permission": "0777",
            "file_permission": "0777",
            "filename": "f2.txt",
            "id": "76906442cc38cd3edb82824bac053474a746e5ce",
            "sensitive_content": null,
            "source": null
          },
          "sensitive_attributes": []
        },
        {
          "index_key": 2,
          "schema_version": 0,
          "attributes": {
            "content": "Random content",
            "content_base64": null,
            "content_base64sha256": "RXEFJ2QxEAo6ZYmU4Zqa7ewsBqTk0iydNjCOQeYVpTQ=",
            "content_base64sha512": "9sYKV3ur2s+yOwNI3MUFWg2RDggErPS/avAtfnCfus/4M13NhUTBosSBhKhzkJIDzbyoyH0S1QN5MJhSaZ0CPg==",
            "content_md5": "4dc11d68fe2801cc3611ebcb35a5d841",
            "content_sha1": "76906442cc38cd3edb82824bac053474a746e5ce",
            "content_sha256": "457105276431100a3a658994e19a9aedec2c06a4e4d22c9d36308e41e615a534",
            "content_sha512": "f6c60a577babdacfb23b0348dcc5055a0d910e0804acf4bf6af02d7e709fbacff8335dcd8544c1a2c48184a873909203cdbca8c87d12d50379309852699d023e",
            "directory_permission": "0777",
            "file_permission": "0777",
            "filename": "f3.txt",
            "id": "76906442cc38cd3edb82824bac053474a746e5ce",
            "sensitive_content": null,
            "source": null
          },
          "sensitive_attributes": []
        },
        {
          "index_key": 3,
          "schema_version": 0,
          "attributes": {
            "content": "Random content",
            "content_base64": null,
            "content_base64sha256": "RXEFJ2QxEAo6ZYmU4Zqa7ewsBqTk0iydNjCOQeYVpTQ=",
            "content_base64sha512": "9sYKV3ur2s+yOwNI3MUFWg2RDggErPS/avAtfnCfus/4M13NhUTBosSBhKhzkJIDzbyoyH0S1QN5MJhSaZ0CPg==",
            "content_md5": "4dc11d68fe2801cc3611ebcb35a5d841",
            "content_sha1": "76906442cc38cd3edb82824bac053474a746e5ce",
            "content_sha256": "457105276431100a3a658994e19a9aedec2c06a4e4d22c9d36308e41e615a534",
            "content_sha512": "f6c60a577babdacfb23b0348dcc5055a0d910e0804acf4bf6af02d7e709fbacff8335dcd8544c1a2c48184a873909203cdbca8c87d12d50379309852699d023e",
            "directory_permission": "0777",
            "file_permission": "0777",
            "filename": "f4.txt",
            "id": "76906442cc38cd3edb82824bac053474a746e5ce",
            "sensitive_content": null,
            "source": null
          },
          "sensitive_attributes": []
        }
      ]
    }
  ],
  "check_results": null
}
